// !$*UTF8*$!
{
	archiveVersion = 1;
	classes = {
	};
	objectVersion = 46;
	objects = {

/* Begin PBXBuildFile section */
		41BB26ED442F4F9B4205E808 /* libPods-CocoaPodsDemo.a in Frameworks */ = {isa = PBXBuildFile; fileRef = 7F144F4643CBF67381662F0E /* libPods-CocoaPodsDemo.a */; };
		9A3F366E1F58609100682BE5 /* testScrollView.m in Sources */ = {isa = PBXBuildFile; fileRef = 9A3F366D1F58609100682BE5 /* testScrollView.m */; };
		9AABB8E61E9A1E7B0049435C /* main.m in Sources */ = {isa = PBXBuildFile; fileRef = 9AABB8E51E9A1E7B0049435C /* main.m */; };
		9AABB8E91E9A1E7B0049435C /* AppDelegate.m in Sources */ = {isa = PBXBuildFile; fileRef = 9AABB8E81E9A1E7B0049435C /* AppDelegate.m */; };
		9AABB8EC1E9A1E7B0049435C /* ViewController.m in Sources */ = {isa = PBXBuildFile; fileRef = 9AABB8EB1E9A1E7B0049435C /* ViewController.m */; };
		9AABB8EF1E9A1E7B0049435C /* Main.storyboard in Resources */ = {isa = PBXBuildFile; fileRef = 9AABB8ED1E9A1E7B0049435C /* Main.storyboard */; };
		9AABB8F11E9A1E7B0049435C /* Assets.xcassets in Resources */ = {isa = PBXBuildFile; fileRef = 9AABB8F01E9A1E7B0049435C /* Assets.xcassets */; };
		9AABB8F41E9A1E7B0049435C /* LaunchScreen.storyboard in Resources */ = {isa = PBXBuildFile; fileRef = 9AABB8F21E9A1E7B0049435C /* LaunchScreen.storyboard */; };
/* End PBXBuildFile section */

/* Begin PBXFileReference section */
		7F144F4643CBF67381662F0E /* libPods-CocoaPodsDemo.a */ = {isa = PBXFileReference; explicitFileType = archive.ar; includeInIndex = 0; path = "libPods-CocoaPodsDemo.a"; sourceTree = BUILT_PRODUCTS_DIR; };
		9A3F366C1F58609100682BE5 /* testScrollView.h */ = {isa = PBXFileReference; fileEncoding = 4; lastKnownFileType = sourcecode.c.h; path = testScrollView.h; sourceTree = "<group>"; };
		9A3F366D1F58609100682BE5 /* testScrollView.m */ = {isa = PBXFileReference; fileEncoding = 4; lastKnownFileType = sourcecode.c.objc; path = testScrollView.m; sourceTree = "<group>"; };
		9AABB8E11E9A1E7B0049435C /* CocoaPodsDemo.app */ = {isa = PBXFileReference; explicitFileType = wrapper.application; includeInIndex = 0; path = CocoaPodsDemo.app; sourceTree = BUILT_PRODUCTS_DIR; };
		9AABB8E51E9A1E7B0049435C /* main.m */ = {isa = PBXFileReference; lastKnownFileType = sourcecode.c.objc; path = main.m; sourceTree = "<group>"; };
		9AABB8E71E9A1E7B0049435C /* AppDelegate.h */ = {isa = PBXFileReference; lastKnownFileType = sourcecode.c.h; path = AppDelegate.h; sourceTree = "<group>"; };
		9AABB8E81E9A1E7B0049435C /* AppDelegate.m */ = {isa = PBXFileReference; lastKnownFileType = sourcecode.c.objc; path = AppDelegate.m; sourceTree = "<group>"; };
		9AABB8EA1E9A1E7B0049435C /* ViewController.h */ = {isa = PBXFileReference; lastKnownFileType = sourcecode.c.h; path = ViewController.h; sourceTree = "<group>"; };
		9AABB8EB1E9A1E7B0049435C /* ViewController.m */ = {isa = PBXFileReference; lastKnownFileType = sourcecode.c.objc; path = ViewController.m; sourceTree = "<group>"; };
		9AABB8EE1E9A1E7B0049435C /* Base */ = {isa = PBXFileReference; lastKnownFileType = file.storyboard; name = Base; path = Base.lproj/Main.storyboard; sourceTree = "<group>"; };
		9AABB8F01E9A1E7B0049435C /* Assets.xcassets */ = {isa = PBXFileReference; lastKnownFileType = folder.assetcatalog; path = Assets.xcassets; sourceTree = "<group>"; };
		9AABB8F31E9A1E7B0049435C /* Base */ = {isa = PBXFileReference; lastKnownFileType = file.storyboard; name = Base; path = Base.lproj/LaunchScreen.storyboard; sourceTree = "<group>"; };
		9AABB8F51E9A1E7B0049435C /* Info.plist */ = {isa = PBXFileReference; lastKnownFileType = text.plist.xml; path = Info.plist; sourceTree = "<group>"; };
		CF2CC5B9D7945A57D4692D68 /* Pods-CocoaPodsDemo.debug.xcconfig */ = {isa = PBXFileReference; includeInIndex = 1; lastKnownFileType = text.xcconfig; name = "Pods-CocoaPodsDemo.debug.xcconfig"; path = "Pods/Target Support Files/Pods-CocoaPodsDemo/Pods-CocoaPodsDemo.debug.xcconfig"; sourceTree = "<group>"; };
		E388C981EB78BE99C74B1F14 /* Pods-CocoaPodsDemo.release.xcconfig */ = {isa = PBXFileReference; includeInIndex = 1; lastKnownFileType = text.xcconfig; name = "Pods-CocoaPodsDemo.release.xcconfig"; path = "Pods/Target Support Files/Pods-CocoaPodsDemo/Pods-CocoaPodsDemo.release.xcconfig"; sourceTree = "<group>"; };
/* End PBXFileReference section */

/* Begin PBXFrameworksBuildPhase section */
		9AABB8DE1E9A1E7B0049435C /* Frameworks */ = {
			isa = PBXFrameworksBuildPhase;
			buildActionMask = 2147483647;
			files = (
				41BB26ED442F4F9B4205E808 /* libPods-CocoaPodsDemo.a in Frameworks */,
			);
			runOnlyForDeploymentPostprocessing = 0;
		};
/* End PBXFrameworksBuildPhase section */

/* Begin PBXGroup section */
		9AABB8D81E9A1E7B0049435C = {
			isa = PBXGroup;
			children = (
				9AABB8E31E9A1E7B0049435C /* CocoaPodsDemo */,
				9AABB8E21E9A1E7B0049435C /* Products */,
				B839247918B0EE1C4CA28B9C /* Pods */,
				B3573A73BB2C2970EA4B217D /* Frameworks */,
			);
			sourceTree = "<group>";
		};
		9AABB8E21E9A1E7B0049435C /* Products */ = {
			isa = PBXGroup;
			children = (
				9AABB8E11E9A1E7B0049435C /* CocoaPodsDemo.app */,
			);
			name = Products;
			sourceTree = "<group>";
		};
		9AABB8E31E9A1E7B0049435C /* CocoaPodsDemo */ = {
			isa = PBXGroup;
			children = (
				9AABB8E71E9A1E7B0049435C /* AppDelegate.h */,
				9AABB8E81E9A1E7B0049435C /* AppDelegate.m */,
				9AABB8EA1E9A1E7B0049435C /* ViewController.h */,
				9AABB8EB1E9A1E7B0049435C /* ViewController.m */,
				9A3F366C1F58609100682BE5 /* testScrollView.h */,
				9A3F366D1F58609100682BE5 /* testScrollView.m */,
				9AABB8ED1E9A1E7B0049435C /* Main.storyboard */,
				9AABB8F01E9A1E7B0049435C /* Assets.xcassets */,
				9AABB8F21E9A1E7B0049435C /* LaunchScreen.storyboard */,
				9AABB8F51E9A1E7B0049435C /* Info.plist */,
				9AABB8E41E9A1E7B0049435C /* Supporting Files */,
			);
			path = CocoaPodsDemo;
			sourceTree = "<group>";
		};
		9AABB8E41E9A1E7B0049435C /* Supporting Files */ = {
			isa = PBXGroup;
			children = (
				9AABB8E51E9A1E7B0049435C /* main.m */,
			);
			name = "Supporting Files";
			sourceTree = "<group>";
		};
		B3573A73BB2C2970EA4B217D /* Frameworks */ = {
			isa = PBXGroup;
			children = (
				7F144F4643CBF67381662F0E /* libPods-CocoaPodsDemo.a */,
			);
			name = Frameworks;
			sourceTree = "<group>";
		};
		B839247918B0EE1C4CA28B9C /* Pods */ = {
			isa = PBXGroup;
			children = (
				CF2CC5B9D7945A57D4692D68 /* Pods-CocoaPodsDemo.debug.xcconfig */,
				E388C981EB78BE99C74B1F14 /* Pods-CocoaPodsDemo.release.xcconfig */,
			);
			name = Pods;
			sourceTree = "<group>";
		};
/* End PBXGroup section */

/* Begin PBXNativeTarget section */
		9AABB8E01E9A1E7B0049435C /* CocoaPodsDemo */ = {
			isa = PBXNativeTarget;
			buildConfigurationList = 9AABB8F81E9A1E7B0049435C /* Build configuration list for PBXNativeTarget "CocoaPodsDemo" */;
			buildPhases = (
				587C02FD5F564AF8CEF6F245 /* [CP] Check Pods Manifest.lock */,
				9AABB8DD1E9A1E7B0049435C /* Sources */,
				9AABB8DE1E9A1E7B0049435C /* Frameworks */,
				9AABB8DF1E9A1E7B0049435C /* Resources */,
				E40DCCBBF3417EB1CB2A8566 /* [CP] Embed Pods Frameworks */,
				F2B52286A536A3707B456AA4 /* [CP] Copy Pods Resources */,
			);
			buildRules = (
			);
			dependencies = (
			);
			name = CocoaPodsDemo;
			productName = CocoaPodsDemo;
			productReference = 9AABB8E11E9A1E7B0049435C /* CocoaPodsDemo.app */;
			productType = "com.apple.product-type.application";
		};
/* End PBXNativeTarget section */

/* Begin PBXProject section */
		9AABB8D91E9A1E7B0049435C /* Project object */ = {
			isa = PBXProject;
			attributes = {
				LastUpgradeCheck = 0830;
				ORGANIZATIONNAME = "张驰";
				TargetAttributes = {
					9AABB8E01E9A1E7B0049435C = {
						CreatedOnToolsVersion = 8.3.1;
						DevelopmentTeam = T66LJHPK8P;
						ProvisioningStyle = Automatic;
					};
				};
			};
			buildConfigurationList = 9AABB8DC1E9A1E7B0049435C /* Build configuration list for PBXProject "CocoaPodsDemo" */;
			compatibilityVersion = "Xcode 3.2";
			developmentRegion = English;
			hasScannedForEncodings = 0;
			knownRegions = (
				en,
				Base,
			);
			mainGroup = 9AABB8D81E9A1E7B0049435C;
			productRefGroup = 9AABB8E21E9A1E7B0049435C /* Products */;
			projectDirPath = "";
			projectRoot = "";
			targets = (
				9AABB8E01E9A1E7B0049435C /* CocoaPodsDemo */,
			);
		};
/* End PBXProject section */

/* Begin PBXResourcesBuildPhase section */
		9AABB8DF1E9A1E7B0049435C /* Resources */ = {
			isa = PBXResourcesBuildPhase;
			buildActionMask = 2147483647;
			files = (
				9AABB8F41E9A1E7B0049435C /* LaunchScreen.storyboard in Resources */,
				9AABB8F11E9A1E7B0049435C /* Assets.xcassets in Resources */,
				9AABB8EF1E9A1E7B0049435C /* Main.storyboard in Resources */,
			);
			runOnlyForDeploymentPostprocessing = 0;
		};
/* End PBXResourcesBuildPhase section */

/* Begin PBXShellScriptBuildPhase section */
		587C02FD5F564AF8CEF6F245 /* [CP] Check Pods Manifest.lock */ = {
			isa = PBXShellScriptBuildPhase;
			buildActionMask = 2147483647;
			files = (
			);
			inputPaths = (
			);
			name = "[CP] Check Pods Manifest.lock";
			outputPaths = (
			);
			runOnlyForDeploymentPostprocessing = 0;
			shellPath = /bin/sh;
			shellScript = "diff \"${PODS_PODFILE_DIR_PATH}/Podfile.lock\" \"${PODS_ROOT}/Manifest.lock\" > /dev/null\nif [ $? != 0 ] ; then\n    # print error to STDERR\n    echo \"error: The sandbox is not in sync with the Podfile.lock. Run 'pod install' or update your CocoaPods installation.\" >&2\n    exit 1\nfi\n";
			showEnvVarsInLog = 0;
		};
		E40DCCBBF3417EB1CB2A8566 /* [CP] Embed Pods Frameworks */ = {
			isa = PBXShellScriptBuildPhase;
			buildActionMask = 2147483647;
			files = (
			);
			inputPaths = (
			);
			name = "[CP] Embed Pods Frameworks";
			outputPaths = (
			);
			runOnlyForDeploymentPostprocessing = 0;
			shellPath = /bin/sh;
			shellScript = "\"${SRCROOT}/Pods/Target Support Files/Pods-CocoaPodsDemo/Pods-CocoaPodsDemo-frameworks.sh\"\n";
			showEnvVarsInLog = 0;
		};
		F2B52286A536A3707B456AA4 /* [CP] Copy Pods Resources */ = {
			isa = PBXShellScriptBuildPhase;
			buildActionMask = 2147483647;
			files = (
			);
			inputPaths = (
			);
			name = "[CP] Copy Pods Resources";
			outputPaths = (
			);
			runOnlyForDeploymentPostprocessing = 0;
			shellPath = /bin/sh;
			shellScript = "\"${SRCROOT}/Pods/Target Support Files/Pods-CocoaPodsDemo/Pods-CocoaPodsDemo-resources.sh\"\n";
			showEnvVarsInLog = 0;
		};
/* End PBXShellScriptBuildPhase section */

/* Begin PBXSourcesBuildPhase section */
		9AABB8DD1E9A1E7B0049435C /* Sources */ = {
			isa = PBXSourcesBuildPhase;
			buildActionMask = 2147483647;
			files = (
				9AABB8EC1E9A1E7B0049435C /* ViewController.m in Sources */,
				9A3F366E1F58609100682BE5 /* testScrollView.m in Sources */,
				9AABB8E91E9A1E7B0049435C /* AppDelegate.m in Sources */,
				9AABB8E61E9A1E7B0049435C /* main.m in Sources */,
			);
			runOnlyForDeploymentPostprocessing = 0;
		};
/* End PBXSourcesBuildPhase section */

/* Begin PBXVariantGroup section */
		9AABB8ED1E9A1E7B0049435C /* Main.storyboard */ = {
			isa = PBXVariantGroup;
			children = (
				9AABB8EE1E9A1E7B0049435C /* Base */,
			);
			name = Main.storyboard;
			sourceTree = "<group>";
		};
		9AABB8F21E9A1E7B0049435C /* LaunchScreen.storyboard */ = {
			isa = PBXVariantGroup;
			children = (
				9AABB8F31E9A1E7B0049435C /* Base */,
			);
			name = LaunchScreen.storyboard;
			sourceTree = "<group>";
		};
/* End PBXVariantGroup section */

/* Begin XCBuildConfiguration section */
		9AABB8F61E9A1E7B0049435C /* Debug */ = {
			isa = XCBuildConfiguration;
			buildSettings = {
				ALWAYS_SEARCH_USER_PATHS = NO;
				CLANG_ANALYZER_NONNULL = YES;
				CLANG_ANALYZER_NUMBER_OBJECT_CONVERSION = YES_AGGRESSIVE;
				CLANG_CXX_LANGUAGE_STANDARD = "gnu++0x";
				CLANG_CXX_LIBRARY = "libc++";
				CLANG_ENABLE_MODULES = YES;
				CLANG_ENABLE_OBJC_ARC = YES;
				CLANG_WARN_BOOL_CONVERSION = YES;
				CLANG_WARN_CONSTANT_CONVERSION = YES;
				CLANG_WARN_DIRECT_OBJC_ISA_USAGE = YES_ERROR;
				CLANG_WARN_DOCUMENTATION_COMMENTS = YES;
				CLANG_WARN_EMPTY_BODY = YES;
				CLANG_WARN_ENUM_CONVERSION = YES;
				CLANG_WARN_INFINITE_RECURSION = YES;
				CLANG_WARN_INT_CONVERSION = YES;
				CLANG_WARN_OBJC_ROOT_CLASS = YES_ERROR;
				CLANG_WARN_SUSPICIOUS_MOVE = YES;
				CLANG_WARN_UNREACHABLE_CODE = YES;
				CLANG_WARN__DUPLICATE_METHOD_MATCH = YES;
				"CODE_SIGN_IDENTITY[sdk=iphoneos*]" = "iPhone Developer";
				COPY_PHASE_STRIP = NO;
				DEBUG_INFORMATION_FORMAT = dwarf;
				ENABLE_STRICT_OBJC_MSGSEND = YES;
				ENABLE_TESTABILITY = YES;
				GCC_C_LANGUAGE_STANDARD = gnu99;
				GCC_DYNAMIC_NO_PIC = NO;
				GCC_NO_COMMON_BLOCKS = YES;
				GCC_OPTIMIZATION_LEVEL = 0;
				GCC_PREPROCESSOR_DEFINITIONS = (
					"DEBUG=1",
					"$(inherited)",
				);
				GCC_WARN_64_TO_32_BIT_CONVERSION = YES;
				GCC_WARN_ABOUT_RETURN_TYPE = YES_ERROR;
				GCC_WARN_UNDECLARED_SELECTOR = YES;
				GCC_WARN_UNINITIALIZED_AUTOS = YES_AGGRESSIVE;
				GCC_WARN_UNUSED_FUNCTION = YES;
				GCC_WARN_UNUSED_VARIABLE = YES;
				IPHONEOS_DEPLOYMENT_TARGET = 8.0;
				MTL_ENABLE_DEBUG_INFO = YES;
				ONLY_ACTIVE_ARCH = YES;
				SDKROOT = iphoneos;
			};
			name = Debug;
		};
		9AABB8F71E9A1E7B0049435C /* Release */ = {
			isa = XCBuildConfiguration;
			buildSettings = {
				ALWAYS_SEARCH_USER_PATHS = NO;
				CLANG_ANALYZER_NONNULL = YES;
				CLANG_ANALYZER_NUMBER_OBJECT_CONVERSION = YES_AGGRESSIVE;
				CLANG_CXX_LANGUAGE_STANDARD = "gnu++0x";
				CLANG_CXX_LIBRARY = "libc++";
				CLANG_ENABLE_MODULES = YES;
				CLANG_ENABLE_OBJC_ARC = YES;
				CLANG_WARN_BOOL_CONVERSION = YES;
				CLANG_WARN_CONSTANT_CONVERSION = YES;
				CLANG_WARN_DIRECT_OBJC_ISA_USAGE = YES_ERROR;
				CLANG_WARN_DOCUMENTATION_COMMENTS = YES;
				CLANG_WARN_EMPTY_BODY = YES;
				CLANG_WARN_ENUM_CONVERSION = YES;
				CLANG_WARN_INFINITE_RECURSION = YES;
				CLANG_WARN_INT_CONVERSION = YES;
				CLANG_WARN_OBJC_ROOT_CLASS = YES_ERROR;
				CLANG_WARN_SUSPICIOUS_MOVE = YES;
				CLANG_WARN_UNREACHABLE_CODE = YES;
				CLANG_WARN__DUPLICATE_METHOD_MATCH = YES;
				"CODE_SIGN_IDENTITY[sdk=iphoneos*]" = "iPhone Developer";
				COPY_PHASE_STRIP = NO;
				DEBUG_INFORMATION_FORMAT = "dwarf-with-dsym";
				ENABLE_NS_ASSERTIONS = NO;
				ENABLE_STRICT_OBJC_MSGSEND = YES;
				GCC_C_LANGUAGE_STANDARD = gnu99;
				GCC_NO_COMMON_BLOCKS = YES;
				GCC_WARN_64_TO_32_BIT_CONVERSION = YES;
				GCC_WARN_ABOUT_RETURN_TYPE = YES_ERROR;
				GCC_WARN_UNDECLARED_SELECTOR = YES;
				GCC_WARN_UNINITIALIZED_AUTOS = YES_AGGRESSIVE;
				GCC_WARN_UNUSED_FUNCTION = YES;
				GCC_WARN_UNUSED_VARIABLE = YES;
				IPHONEOS_DEPLOYMENT_TARGET = 8.0;
				MTL_ENABLE_DEBUG_INFO = NO;
				SDKROOT = iphoneos;
				VALIDATE_PRODUCT = YES;
			};
			name = Release;
		};
		9AABB8F91E9A1E7B0049435C /* Debug */ = {
			isa = XCBuildConfiguration;
			baseConfigurationReference = CF2CC5B9D7945A57D4692D68 /* Pods-CocoaPodsDemo.debug.xcconfig */;
			buildSettings = {
				ASSETCATALOG_COMPILER_APPICON_NAME = AppIcon;
				DEVELOPMENT_TEAM = T66LJHPK8P;
				INFOPLIST_FILE = CocoaPodsDemo/Info.plist;
				LD_RUNPATH_SEARCH_PATHS = "$(inherited) @executable_path/Frameworks";
				PRODUCT_BUNDLE_IDENTIFIER = com.xianjianbb.CocoaPodsDemo;
				PRODUCT_NAME = "$(TARGET_NAME)";
			};
			name = Debug;
		};
		9AABB8FA1E9A1E7B0049435C /* Release */ = {
			isa = XCBuildConfiguration;
			baseConfigurationReference = E388C981EB78BE99C74B1F14 /* Pods-CocoaPodsDemo.release.xcconfig */;
			buildSettings = {
				ASSETCATALOG_COMPILER_APPICON_NAME = AppIcon;
				DEVELOPMENT_TEAM = T66LJHPK8P;
				INFOPLIST_FILE = CocoaPodsDemo/Info.plist;
				LD_RUNPATH_SEARCH_PATHS = "$(inherited) @executable_path/Frameworks";
				PRODUCT_BUNDLE_IDENTIFIER = com.xianjianbb.CocoaPodsDemo;
				PRODUCT_NAME = "$(TARGET_NAME)";
			};
			name = Release;
		};
/* End XCBuildConfiguration section */

/* Begin XCConfigurationList section */
		9AABB8DC1E9A1E7B0049435C /* Build configuration list for PBXProject "CocoaPodsDemo" */ = {
			isa = XCConfigurationList;
			buildConfigurations = (
				9AABB8F61E9A1E7B0049435C /* Debug */,
				9AABB8F71E9A1E7B0049435C /* Release */,
			);
			defaultConfigurationIsVisible = 0;
			defaultConfigurationName = Release;
		};
		9AABB8F81E9A1E7B0049435C /* Build configuration list for PBXNativeTarget "CocoaPodsDemo" */ = {
			isa = XCConfigurationList;
			buildConfigurations = (
				9AABB8F91E9A1E7B0049435C /* Debug */,
				9AABB8FA1E9A1E7B0049435C /* Release */,
			);
			defaultConfigurationIsVisible = 0;
			defaultConfigurationName = Release;
		};
/* End XCConfigurationList section */
	};
	rootObject = 9AABB8D91E9A1E7B0049435C /* Project object */;
}
